
Microsoft Visual Studio Solution File, Format Version 12.00
# Visual Studio Version 17
VisualStudioVersion = 17.2.32630.192
MinimumVisualStudioVersion = 10.0.40219.1
Project("{9A19103F-16F7-4668-BE54-9A1E7A4F7556}") = "StringLibrary", "StringLibrary\StringLibrary.csproj", "{6B67A5EB-131E-4755-AB8F-1049C87EC68B}"
EndProject
Project("{FAE04EC0-301F-11D3-BF4B-00C04F79EFBC}") = "StringLibraryTest", "StringLibraryTest\StringLibraryTest.csproj", "{6DDEEDA6-3510-482E-8617-D500EDF450D5}"
EndProject
Global
	GlobalSection(SolutionConfigurationPlatforms) = preSolution
		Debug|Any CPU = Debug|Any CPU
		Release|Any CPU = Release|Any CPU
	EndGlobalSection
	GlobalSection(ProjectConfigurationPlatforms) = postSolution
		{6B67A5EB-131E-4755-AB8F-1049C87EC68B}.Debug|Any CPU.ActiveCfg = Debug|Any CPU
		{6B67A5EB-131E-4755-AB8F-1049C87EC68B}.Debug|Any CPU.Build.0 = Debug|Any CPU
		{6B67A5EB-131E-4755-AB8F-1049C87EC68B}.Release|Any CPU.ActiveCfg = Release|Any CPU
		{6B67A5EB-131E-4755-AB8F-1049C87EC68B}.Release|Any CPU.Build.0 = Release|Any CPU
		{6DDEEDA6-3510-482E-8617-D500EDF450D5}.Debug|Any CPU.ActiveCfg = Debug|Any CPU
		{6DDEEDA6-3510-482E-8617-D500EDF450D5}.Debug|Any CPU.Build.0 = Debug|Any CPU
		{6DDEEDA6-3510-482E-8617-D500EDF450D5}.Release|Any CPU.ActiveCfg = Release|Any CPU
		{6DDEEDA6-3510-482E-8617-D500EDF450D5}.Release|Any CPU.Build.0 = Release|Any CPU
	EndGlobalSection
	GlobalSection(SolutionProperties) = preSolution
		HideSolutionNode = FALSE
	EndGlobalSection
	GlobalSection(ExtensibilityGlobals) = postSolution
		SolutionGuid = {DE156B5A-CF27-47DA-A3FD-695F79B44195}
	EndGlobalSection
EndGlobal
